
Microsoft Visual Studio Solution File, Format Version 9.00
# Visual Studio 2005
Project("{FAE04EC0-301F-11D3-BF4B-00C04F79EFBC}") = "pDisplay", "pDisplay\pDisplay.csproj", "{35DD3087-E395-4D33-950F-F807AE4BDED0}"
EndProject
Project("{FAE04EC0-301F-11D3-BF4B-00C04F79EFBC}") = "pTest", "pTest\pTest.csproj", "{EFBE0B77-0E3D-42CF-9D09-97998BB45A5D}"
EndProject
Project("{FAE04EC0-301F-11D3-BF4B-00C04F79EFBC}") = "pPanel", "pPanel\pPanel.csproj", "{D3847E8B-A4C3-49BB-B119-3F2B981C9154}"
EndProject
Project("{FAE04EC0-301F-11D3-BF4B-00C04F79EFBC}") = "pDragChildrenPanel", "pDragChildrenPanel\pDragChildrenPanel.csproj", "{8A994035-838E-4740-A50D-2011A04F1703}"
EndProject
Project("{FAE04EC0-301F-11D3-BF4B-00C04F79EFBC}") = "pNeuron", "pNeuron\pNeuron.csproj", "{464378C1-CF56-486D-84F0-DC564A99901D}"
EndProject
Project("{FAE04EC0-301F-11D3-BF4B-00C04F79EFBC}") = "pLine", "pLine\pLine.csproj", "{845D4008-E0BF-4AC9-826D-E11D8E4C825F}"
EndProject
Project("{FAE04EC0-301F-11D3-BF4B-00C04F79EFBC}") = "pExternal", "pExternal\pExternal.csproj", "{C29ECEF4-786D-43C7-BA68-DBCD648B93F5}"
EndProject
Global
	GlobalSection(SolutionConfigurationPlatforms) = preSolution
		Debug|Any CPU = Debug|Any CPU
		Release|Any CPU = Release|Any CPU
	EndGlobalSection
	GlobalSection(ProjectConfigurationPlatforms) = postSolution
		{35DD3087-E395-4D33-950F-F807AE4BDED0}.Debug|Any CPU.ActiveCfg = Debug|Any CPU
		{35DD3087-E395-4D33-950F-F807AE4BDED0}.Debug|Any CPU.Build.0 = Debug|Any CPU
		{35DD3087-E395-4D33-950F-F807AE4BDED0}.Release|Any CPU.ActiveCfg = Release|Any CPU
		{35DD3087-E395-4D33-950F-F807AE4BDED0}.Release|Any CPU.Build.0 = Release|Any CPU
		{EFBE0B77-0E3D-42CF-9D09-97998BB45A5D}.Debug|Any CPU.ActiveCfg = Debug|Any CPU
		{EFBE0B77-0E3D-42CF-9D09-97998BB45A5D}.Debug|Any CPU.Build.0 = Debug|Any CPU
		{EFBE0B77-0E3D-42CF-9D09-97998BB45A5D}.Release|Any CPU.ActiveCfg = Release|Any CPU
		{EFBE0B77-0E3D-42CF-9D09-97998BB45A5D}.Release|Any CPU.Build.0 = Release|Any CPU
		{D3847E8B-A4C3-49BB-B119-3F2B981C9154}.Debug|Any CPU.ActiveCfg = Debug|Any CPU
		{D3847E8B-A4C3-49BB-B119-3F2B981C9154}.Debug|Any CPU.Build.0 = Debug|Any CPU
		{D3847E8B-A4C3-49BB-B119-3F2B981C9154}.Release|Any CPU.ActiveCfg = Release|Any CPU
		{D3847E8B-A4C3-49BB-B119-3F2B981C9154}.Release|Any CPU.Build.0 = Release|Any CPU
		{8A994035-838E-4740-A50D-2011A04F1703}.Debug|Any CPU.ActiveCfg = Debug|Any CPU
		{8A994035-838E-4740-A50D-2011A04F1703}.Debug|Any CPU.Build.0 = Debug|Any CPU
		{8A994035-838E-4740-A50D-2011A04F1703}.Release|Any CPU.ActiveCfg = Release|Any CPU
		{8A994035-838E-4740-A50D-2011A04F1703}.Release|Any CPU.Build.0 = Release|Any CPU
		{464378C1-CF56-486D-84F0-DC564A99901D}.Debug|Any CPU.ActiveCfg = Debug|Any CPU
		{464378C1-CF56-486D-84F0-DC564A99901D}.Debug|Any CPU.Build.0 = Debug|Any CPU
		{464378C1-CF56-486D-84F0-DC564A99901D}.Release|Any CPU.ActiveCfg = Release|Any CPU
		{464378C1-CF56-486D-84F0-DC564A99901D}.Release|Any CPU.Build.0 = Release|Any CPU
		{845D4008-E0BF-4AC9-826D-E11D8E4C825F}.Debug|Any CPU.ActiveCfg = Debug|Any CPU
		{845D4008-E0BF-4AC9-826D-E11D8E4C825F}.Debug|Any CPU.Build.0 = Debug|Any CPU
		{845D4008-E0BF-4AC9-826D-E11D8E4C825F}.Release|Any CPU.ActiveCfg = Release|Any CPU
		{845D4008-E0BF-4AC9-826D-E11D8E4C825F}.Release|Any CPU.Build.0 = Release|Any CPU
		{C29ECEF4-786D-43C7-BA68-DBCD648B93F5}.Debug|Any CPU.ActiveCfg = Debug|Any CPU
		{C29ECEF4-786D-43C7-BA68-DBCD648B93F5}.Debug|Any CPU.Build.0 = Debug|Any CPU
		{C29ECEF4-786D-43C7-BA68-DBCD648B93F5}.Release|Any CPU.ActiveCfg = Release|Any CPU
		{C29ECEF4-786D-43C7-BA68-DBCD648B93F5}.Release|Any CPU.Build.0 = Release|Any CPU
	EndGlobalSection
	GlobalSection(SolutionProperties) = preSolution
		HideSolutionNode = FALSE
	EndGlobalSection
	GlobalSection(ExtensibilityGlobals) = postSolution
		VisualSVNWorkingCopyRoot = 
	EndGlobalSection
EndGlobal
