
Microsoft Visual Studio Solution File, Format Version 10.00
# Visual Studio 2008
Project("{2150E333-8FDC-42A3-9474-1A3956D46DE8}") = "Solution Items", "Solution Items", "{90AA91D6-14A9-4E44-97D7-F46678C32B1D}"
	ProjectSection(SolutionItems) = preProject
		Glossary.txt = Glossary.txt
		pBlog.txt = pBlog.txt
		pNeuronIDE.profilerresults = pNeuronIDE.profilerresults
		Starter Guide - XOR Problem 1.txt = Starter Guide - XOR Problem 1.txt
		TODO.txt = TODO.txt
		Welcome.txt = Welcome.txt
	EndProjectSection
EndProject
Project("{FAE04EC0-301F-11D3-BF4B-00C04F79EFBC}") = "pNeuronEditor", "pNeuronIDE\pNeuronEditor.csproj", "{EFBE0B77-0E3D-42CF-9D09-97998BB45A5D}"
EndProject
Project("{FAE04EC0-301F-11D3-BF4B-00C04F79EFBC}") = "pPanel", "pPanel\pPanel.csproj", "{D3847E8B-A4C3-49BB-B119-3F2B981C9154}"
EndProject
Project("{FAE04EC0-301F-11D3-BF4B-00C04F79EFBC}") = "pNeuron", "pNeuron\pNeuron.csproj", "{464378C1-CF56-486D-84F0-DC564A99901D}"
EndProject
Project("{FAE04EC0-301F-11D3-BF4B-00C04F79EFBC}") = "pDisplay", "pDisplay\pDisplay.csproj", "{35DD3087-E395-4D33-950F-F807AE4BDED0}"
EndProject
Project("{FAE04EC0-301F-11D3-BF4B-00C04F79EFBC}") = "pShortcutManager", "pShortcutManager\pShortcutManager.csproj", "{2B504E3B-8A90-4DB0-9AD3-49C2C2D844C7}"
EndProject
Project("{FAE04EC0-301F-11D3-BF4B-00C04F79EFBC}") = "pRandom", "pRandom\pRandom.csproj", "{2152137D-D8FD-4E9C-8732-D8C1F2E03156}"
EndProject
Project("{FAE04EC0-301F-11D3-BF4B-00C04F79EFBC}") = "pShortcutManagerTest", "pShortcutManagerTest\pShortcutManagerTest.csproj", "{93F66C3D-CB0A-452F-B996-EC75EC80C3AE}"
EndProject
Project("{FAE04EC0-301F-11D3-BF4B-00C04F79EFBC}") = "Temp", "Temp\Temp.csproj", "{A50453C1-748D-4D4F-87F5-7A985F2D081E}"
EndProject
Project("{FAE04EC0-301F-11D3-BF4B-00C04F79EFBC}") = "pDataSource", "pDataSource\pDataSource.csproj", "{FBCA0D6A-8646-4C73-A757-E4FB8A080B0A}"
EndProject
Project("{FAE04EC0-301F-11D3-BF4B-00C04F79EFBC}") = "Test", "Test\Test.csproj", "{4769005E-7E50-43F8-AC69-542092DBD8A3}"
EndProject
Project("{FAE04EC0-301F-11D3-BF4B-00C04F79EFBC}") = "pNeuronEditor.EditorTemplate", "pNeuronEditor.EditorTemplate\pNeuronEditor.EditorTemplate.csproj", "{48212C39-21E5-4A5D-AC07-BF659337F469}"
EndProject
Project("{FAE04EC0-301F-11D3-BF4B-00C04F79EFBC}") = "pNeuronEditor.Common", "pNeuronEditor.Common\pNeuronEditor.Common.csproj", "{B6C9E22A-6018-45E6-A240-599C683E6203}"
EndProject
Project("{FAE04EC0-301F-11D3-BF4B-00C04F79EFBC}") = "pNeuronEditor.FileBrowser", "pNeuronEditor.FileBrowser\pNeuronEditor.FileBrowser.csproj", "{DF4C71D4-BC90-483C-8EA6-D88AA93E0F62}"
EndProject
Project("{FAE04EC0-301F-11D3-BF4B-00C04F79EFBC}") = "pNeuronEditor.TopologyEditor", "pNeuronEditor.TopologyEditor\pNeuronEditor.TopologyEditor.csproj", "{BBE127C0-A968-4CC9-935F-DAF9FDA7CE21}"
EndProject
Global
	GlobalSection(SolutionConfigurationPlatforms) = preSolution
		Debug|Any CPU = Debug|Any CPU
		Release|Any CPU = Release|Any CPU
	EndGlobalSection
	GlobalSection(ProjectConfigurationPlatforms) = postSolution
		{EFBE0B77-0E3D-42CF-9D09-97998BB45A5D}.Debug|Any CPU.ActiveCfg = Debug|Any CPU
		{EFBE0B77-0E3D-42CF-9D09-97998BB45A5D}.Debug|Any CPU.Build.0 = Debug|Any CPU
		{EFBE0B77-0E3D-42CF-9D09-97998BB45A5D}.Release|Any CPU.ActiveCfg = Release|Any CPU
		{EFBE0B77-0E3D-42CF-9D09-97998BB45A5D}.Release|Any CPU.Build.0 = Release|Any CPU
		{D3847E8B-A4C3-49BB-B119-3F2B981C9154}.Debug|Any CPU.ActiveCfg = Debug|Any CPU
		{D3847E8B-A4C3-49BB-B119-3F2B981C9154}.Debug|Any CPU.Build.0 = Debug|Any CPU
		{D3847E8B-A4C3-49BB-B119-3F2B981C9154}.Release|Any CPU.ActiveCfg = Release|Any CPU
		{D3847E8B-A4C3-49BB-B119-3F2B981C9154}.Release|Any CPU.Build.0 = Release|Any CPU
		{464378C1-CF56-486D-84F0-DC564A99901D}.Debug|Any CPU.ActiveCfg = Debug|Any CPU
		{464378C1-CF56-486D-84F0-DC564A99901D}.Debug|Any CPU.Build.0 = Debug|Any CPU
		{464378C1-CF56-486D-84F0-DC564A99901D}.Release|Any CPU.ActiveCfg = Release|Any CPU
		{464378C1-CF56-486D-84F0-DC564A99901D}.Release|Any CPU.Build.0 = Release|Any CPU
		{35DD3087-E395-4D33-950F-F807AE4BDED0}.Debug|Any CPU.ActiveCfg = Debug|Any CPU
		{35DD3087-E395-4D33-950F-F807AE4BDED0}.Debug|Any CPU.Build.0 = Debug|Any CPU
		{35DD3087-E395-4D33-950F-F807AE4BDED0}.Release|Any CPU.ActiveCfg = Release|Any CPU
		{35DD3087-E395-4D33-950F-F807AE4BDED0}.Release|Any CPU.Build.0 = Release|Any CPU
		{2B504E3B-8A90-4DB0-9AD3-49C2C2D844C7}.Debug|Any CPU.ActiveCfg = Debug|Any CPU
		{2B504E3B-8A90-4DB0-9AD3-49C2C2D844C7}.Debug|Any CPU.Build.0 = Debug|Any CPU
		{2B504E3B-8A90-4DB0-9AD3-49C2C2D844C7}.Release|Any CPU.ActiveCfg = Release|Any CPU
		{2B504E3B-8A90-4DB0-9AD3-49C2C2D844C7}.Release|Any CPU.Build.0 = Release|Any CPU
		{2152137D-D8FD-4E9C-8732-D8C1F2E03156}.Debug|Any CPU.ActiveCfg = Debug|Any CPU
		{2152137D-D8FD-4E9C-8732-D8C1F2E03156}.Debug|Any CPU.Build.0 = Debug|Any CPU
		{2152137D-D8FD-4E9C-8732-D8C1F2E03156}.Release|Any CPU.ActiveCfg = Release|Any CPU
		{2152137D-D8FD-4E9C-8732-D8C1F2E03156}.Release|Any CPU.Build.0 = Release|Any CPU
		{93F66C3D-CB0A-452F-B996-EC75EC80C3AE}.Debug|Any CPU.ActiveCfg = Debug|Any CPU
		{93F66C3D-CB0A-452F-B996-EC75EC80C3AE}.Debug|Any CPU.Build.0 = Debug|Any CPU
		{93F66C3D-CB0A-452F-B996-EC75EC80C3AE}.Release|Any CPU.ActiveCfg = Release|Any CPU
		{93F66C3D-CB0A-452F-B996-EC75EC80C3AE}.Release|Any CPU.Build.0 = Release|Any CPU
		{A50453C1-748D-4D4F-87F5-7A985F2D081E}.Debug|Any CPU.ActiveCfg = Debug|Any CPU
		{A50453C1-748D-4D4F-87F5-7A985F2D081E}.Debug|Any CPU.Build.0 = Debug|Any CPU
		{A50453C1-748D-4D4F-87F5-7A985F2D081E}.Release|Any CPU.ActiveCfg = Release|Any CPU
		{A50453C1-748D-4D4F-87F5-7A985F2D081E}.Release|Any CPU.Build.0 = Release|Any CPU
		{FBCA0D6A-8646-4C73-A757-E4FB8A080B0A}.Debug|Any CPU.ActiveCfg = Debug|Any CPU
		{FBCA0D6A-8646-4C73-A757-E4FB8A080B0A}.Debug|Any CPU.Build.0 = Debug|Any CPU
		{FBCA0D6A-8646-4C73-A757-E4FB8A080B0A}.Release|Any CPU.ActiveCfg = Release|Any CPU
		{FBCA0D6A-8646-4C73-A757-E4FB8A080B0A}.Release|Any CPU.Build.0 = Release|Any CPU
		{4769005E-7E50-43F8-AC69-542092DBD8A3}.Debug|Any CPU.ActiveCfg = Debug|Any CPU
		{4769005E-7E50-43F8-AC69-542092DBD8A3}.Debug|Any CPU.Build.0 = Debug|Any CPU
		{4769005E-7E50-43F8-AC69-542092DBD8A3}.Release|Any CPU.ActiveCfg = Release|Any CPU
		{4769005E-7E50-43F8-AC69-542092DBD8A3}.Release|Any CPU.Build.0 = Release|Any CPU
		{48212C39-21E5-4A5D-AC07-BF659337F469}.Debug|Any CPU.ActiveCfg = Debug|Any CPU
		{48212C39-21E5-4A5D-AC07-BF659337F469}.Debug|Any CPU.Build.0 = Debug|Any CPU
		{48212C39-21E5-4A5D-AC07-BF659337F469}.Release|Any CPU.ActiveCfg = Release|Any CPU
		{48212C39-21E5-4A5D-AC07-BF659337F469}.Release|Any CPU.Build.0 = Release|Any CPU
		{B6C9E22A-6018-45E6-A240-599C683E6203}.Debug|Any CPU.ActiveCfg = Debug|Any CPU
		{B6C9E22A-6018-45E6-A240-599C683E6203}.Debug|Any CPU.Build.0 = Debug|Any CPU
		{B6C9E22A-6018-45E6-A240-599C683E6203}.Release|Any CPU.ActiveCfg = Release|Any CPU
		{B6C9E22A-6018-45E6-A240-599C683E6203}.Release|Any CPU.Build.0 = Release|Any CPU
		{DF4C71D4-BC90-483C-8EA6-D88AA93E0F62}.Debug|Any CPU.ActiveCfg = Debug|Any CPU
		{DF4C71D4-BC90-483C-8EA6-D88AA93E0F62}.Debug|Any CPU.Build.0 = Debug|Any CPU
		{DF4C71D4-BC90-483C-8EA6-D88AA93E0F62}.Release|Any CPU.ActiveCfg = Release|Any CPU
		{DF4C71D4-BC90-483C-8EA6-D88AA93E0F62}.Release|Any CPU.Build.0 = Release|Any CPU
		{BBE127C0-A968-4CC9-935F-DAF9FDA7CE21}.Debug|Any CPU.ActiveCfg = Debug|Any CPU
		{BBE127C0-A968-4CC9-935F-DAF9FDA7CE21}.Debug|Any CPU.Build.0 = Debug|Any CPU
		{BBE127C0-A968-4CC9-935F-DAF9FDA7CE21}.Release|Any CPU.ActiveCfg = Release|Any CPU
		{BBE127C0-A968-4CC9-935F-DAF9FDA7CE21}.Release|Any CPU.Build.0 = Release|Any CPU
	EndGlobalSection
	GlobalSection(SolutionProperties) = preSolution
		HideSolutionNode = FALSE
	EndGlobalSection
	GlobalSection(ExtensibilityGlobals) = postSolution
		VisualSVNWorkingCopyRoot = 
	EndGlobalSection
EndGlobal
